
Microsoft Visual Studio Solution File, Format Version 12.00
# Visual Studio Version 17
VisualStudioVersion = 17.2.32616.157
MinimumVisualStudioVersion = 10.0.40219.1
Project("{FAE04EC0-301F-11D3-BF4B-00C04F79EFBC}") = "SafetyCopier", "SafetyCopier\SafetyCopier.csproj", "{9FB19717-7FAC-43FA-8766-51E5441827FC}"
EndProject
Global
	GlobalSection(SolutionConfigurationPlatforms) = preSolution
		Debug|Any CPU = Debug|Any CPU
		Release|Any CPU = Release|Any CPU
	EndGlobalSection
	GlobalSection(ProjectConfigurationPlatforms) = postSolution
		{9FB19717-7FAC-43FA-8766-51E5441827FC}.Debug|Any CPU.ActiveCfg = Debug|Any CPU
		{9FB19717-7FAC-43FA-8766-51E5441827FC}.Debug|Any CPU.Build.0 = Debug|Any CPU
		{9FB19717-7FAC-43FA-8766-51E5441827FC}.Release|Any CPU.ActiveCfg = Release|Any CPU
		{9FB19717-7FAC-43FA-8766-51E5441827FC}.Release|Any CPU.Build.0 = Release|Any CPU
	EndGlobalSection
	GlobalSection(SolutionProperties) = preSolution
		HideSolutionNode = FALSE
	EndGlobalSection
	GlobalSection(ExtensibilityGlobals) = postSolution
		SolutionGuid = {ACA22ABE-0E9E-4F3F-B9DA-694ED452FEAE}
	EndGlobalSection
EndGlobal
